
Microsoft Visual Studio Solution File, Format Version 12.00
# Visual Studio 15
VisualStudioVersion = 15.0.28307.779
MinimumVisualStudioVersion = 10.0.40219.1
Project("{FAE04EC0-301F-11D3-BF4B-00C04F79EFBC}") = "Competition", "ConsoleApp12\Competition.csproj", "{EA0B858F-92E8-40E5-995D-1DB7528E894D}"
EndProject
Project("{911E67C6-3D85-4FCE-B560-20A9C3E3FF48}") = "codeblog16", "..\codeblog16\codeblog16\obj\Debug\codeblog16.exe", "{5765DAD0-846E-43C2-8C61-E9360374C004}"
	ProjectSection(DebuggerProjectSystem) = preProject
		PortSupplier = 00000000-0000-0000-0000-000000000000
		Executable = C:\Users\XTreme.ws\source\repos\codeblog16\codeblog16\obj\Debug\codeblog16.exe
		RemoteMachine = DESKTOP-TTHANAB
		StartingDirectory = C:\Users\XTreme.ws\source\repos\codeblog16\codeblog16\obj\Debug
		Environment = По умолчанию
		LaunchingEngine = 00000000-0000-0000-0000-000000000000
		UseLegacyDebugEngines = No
		LaunchSQLEngine = No
		AttachLaunchAction = No
	EndProjectSection
EndProject
Global
	GlobalSection(SolutionConfigurationPlatforms) = preSolution
		Debug|Any CPU = Debug|Any CPU
		Debug|x86 = Debug|x86
		Release|Any CPU = Release|Any CPU
		Release|x86 = Release|x86
	EndGlobalSection
	GlobalSection(ProjectConfigurationPlatforms) = postSolution
		{EA0B858F-92E8-40E5-995D-1DB7528E894D}.Debug|Any CPU.ActiveCfg = Debug|Any CPU
		{EA0B858F-92E8-40E5-995D-1DB7528E894D}.Debug|Any CPU.Build.0 = Debug|Any CPU
		{EA0B858F-92E8-40E5-995D-1DB7528E894D}.Debug|x86.ActiveCfg = Debug|Any CPU
		{EA0B858F-92E8-40E5-995D-1DB7528E894D}.Debug|x86.Build.0 = Debug|Any CPU
		{EA0B858F-92E8-40E5-995D-1DB7528E894D}.Release|Any CPU.ActiveCfg = Release|Any CPU
		{EA0B858F-92E8-40E5-995D-1DB7528E894D}.Release|Any CPU.Build.0 = Release|Any CPU
		{EA0B858F-92E8-40E5-995D-1DB7528E894D}.Release|x86.ActiveCfg = Release|Any CPU
		{EA0B858F-92E8-40E5-995D-1DB7528E894D}.Release|x86.Build.0 = Release|Any CPU
		{5765DAD0-846E-43C2-8C61-E9360374C004}.Debug|Any CPU.ActiveCfg = Release|x86
		{5765DAD0-846E-43C2-8C61-E9360374C004}.Debug|x86.ActiveCfg = Release|x86
		{5765DAD0-846E-43C2-8C61-E9360374C004}.Release|Any CPU.ActiveCfg = Release|x86
		{5765DAD0-846E-43C2-8C61-E9360374C004}.Release|x86.ActiveCfg = Release|x86
	EndGlobalSection
	GlobalSection(SolutionProperties) = preSolution
		HideSolutionNode = FALSE
	EndGlobalSection
	GlobalSection(ExtensibilityGlobals) = postSolution
		SolutionGuid = {E450A1DE-44FD-4D1C-BF15-69D129DDB1BB}
	EndGlobalSection
EndGlobal
